
Microsoft Visual Studio Solution File, Format Version 12.00
# Visual Studio Version 17
VisualStudioVersion = 17.10.35013.160
MinimumVisualStudioVersion = 10.0.40219.1
Project("{9A19103F-16F7-4668-BE54-9A1E7A4F7556}") = "RZA_sly", "RZA_sly\RZA_sly.csproj", "{11AB1A9E-ECFF-4827-A1AB-1F90170EB54A}"
EndProject
Project("{9A19103F-16F7-4668-BE54-9A1E7A4F7556}") = "gui_testing", "gui_testing\gui_testing.csproj", "{7A4F96E7-6AA7-4101-8A6F-3439F0A28F5A}"
EndProject
Project("{9A19103F-16F7-4668-BE54-9A1E7A4F7556}") = "UnitTest", "UnitTest\UnitTest.csproj", "{136ACB91-B909-45B8-A229-44B76F2C8DD5}"
EndProject
Project("{FAE04EC0-301F-11D3-BF4B-00C04F79EFBC}") = "UnitTest_Demo", "UnitTest_Demo\UnitTest_Demo.csproj", "{527A9E5E-BC85-4D7B-A861-DA0B2E228E50}"
EndProject
Global
	GlobalSection(SolutionConfigurationPlatforms) = preSolution
		Debug|Any CPU = Debug|Any CPU
		Release|Any CPU = Release|Any CPU
	EndGlobalSection
	GlobalSection(ProjectConfigurationPlatforms) = postSolution
		{11AB1A9E-ECFF-4827-A1AB-1F90170EB54A}.Debug|Any CPU.ActiveCfg = Debug|Any CPU
		{11AB1A9E-ECFF-4827-A1AB-1F90170EB54A}.Debug|Any CPU.Build.0 = Debug|Any CPU
		{11AB1A9E-ECFF-4827-A1AB-1F90170EB54A}.Release|Any CPU.ActiveCfg = Release|Any CPU
		{11AB1A9E-ECFF-4827-A1AB-1F90170EB54A}.Release|Any CPU.Build.0 = Release|Any CPU
		{7A4F96E7-6AA7-4101-8A6F-3439F0A28F5A}.Debug|Any CPU.ActiveCfg = Debug|Any CPU
		{7A4F96E7-6AA7-4101-8A6F-3439F0A28F5A}.Debug|Any CPU.Build.0 = Debug|Any CPU
		{7A4F96E7-6AA7-4101-8A6F-3439F0A28F5A}.Release|Any CPU.ActiveCfg = Release|Any CPU
		{7A4F96E7-6AA7-4101-8A6F-3439F0A28F5A}.Release|Any CPU.Build.0 = Release|Any CPU
		{136ACB91-B909-45B8-A229-44B76F2C8DD5}.Debug|Any CPU.ActiveCfg = Debug|Any CPU
		{136ACB91-B909-45B8-A229-44B76F2C8DD5}.Debug|Any CPU.Build.0 = Debug|Any CPU
		{136ACB91-B909-45B8-A229-44B76F2C8DD5}.Release|Any CPU.ActiveCfg = Release|Any CPU
		{136ACB91-B909-45B8-A229-44B76F2C8DD5}.Release|Any CPU.Build.0 = Release|Any CPU
		{527A9E5E-BC85-4D7B-A861-DA0B2E228E50}.Debug|Any CPU.ActiveCfg = Debug|Any CPU
		{527A9E5E-BC85-4D7B-A861-DA0B2E228E50}.Debug|Any CPU.Build.0 = Debug|Any CPU
		{527A9E5E-BC85-4D7B-A861-DA0B2E228E50}.Release|Any CPU.ActiveCfg = Release|Any CPU
		{527A9E5E-BC85-4D7B-A861-DA0B2E228E50}.Release|Any CPU.Build.0 = Release|Any CPU
	EndGlobalSection
	GlobalSection(SolutionProperties) = preSolution
		HideSolutionNode = FALSE
	EndGlobalSection
	GlobalSection(ExtensibilityGlobals) = postSolution
		SolutionGuid = {B135165E-F5EF-4ED1-8635-763968CB150E}
	EndGlobalSection
EndGlobal
